
Microsoft Visual Studio Solution File, Format Version 12.00
# Visual Studio Version 16
VisualStudioVersion = 16.0.30128.74
MinimumVisualStudioVersion = 10.0.40219.1
Project("{9A19103F-16F7-4668-BE54-9A1E7A4F7556}") = "EmployeeManagement.Models", "EmployeeManagement.Models\EmployeeManagement.Models.csproj", "{70FC1564-4019-43CE-8ADC-10B824CC24AD}"
EndProject
Project("{9A19103F-16F7-4668-BE54-9A1E7A4F7556}") = "EmployeeManagement.Web", "EmployeeManagement.Web\EmployeeManagement.Web.csproj", "{07BBC600-BA5A-4C5F-B3E9-EACF7830CF12}"
EndProject
Project("{9A19103F-16F7-4668-BE54-9A1E7A4F7556}") = "EmployeeManagement.Api", "EmployeeManagement.Api\EmployeeManagement.Api.csproj", "{0C532CF1-3DC9-4695-8D13-A362DF2DC1B2}"
EndProject
Project("{FAE04EC0-301F-11D3-BF4B-00C04F79EFBC}") = "ProgimTech.Components", "ProgimTech.Components\ProgimTech.Components.csproj", "{EFA7D534-79D4-416A-8E2C-E70622A53550}"
EndProject
Global
	GlobalSection(SolutionConfigurationPlatforms) = preSolution
		Debug|Any CPU = Debug|Any CPU
		Release|Any CPU = Release|Any CPU
	EndGlobalSection
	GlobalSection(ProjectConfigurationPlatforms) = postSolution
		{70FC1564-4019-43CE-8ADC-10B824CC24AD}.Debug|Any CPU.ActiveCfg = Debug|Any CPU
		{70FC1564-4019-43CE-8ADC-10B824CC24AD}.Debug|Any CPU.Build.0 = Debug|Any CPU
		{70FC1564-4019-43CE-8ADC-10B824CC24AD}.Release|Any CPU.ActiveCfg = Release|Any CPU
		{70FC1564-4019-43CE-8ADC-10B824CC24AD}.Release|Any CPU.Build.0 = Release|Any CPU
		{07BBC600-BA5A-4C5F-B3E9-EACF7830CF12}.Debug|Any CPU.ActiveCfg = Debug|Any CPU
		{07BBC600-BA5A-4C5F-B3E9-EACF7830CF12}.Debug|Any CPU.Build.0 = Debug|Any CPU
		{07BBC600-BA5A-4C5F-B3E9-EACF7830CF12}.Release|Any CPU.ActiveCfg = Release|Any CPU
		{07BBC600-BA5A-4C5F-B3E9-EACF7830CF12}.Release|Any CPU.Build.0 = Release|Any CPU
		{0C532CF1-3DC9-4695-8D13-A362DF2DC1B2}.Debug|Any CPU.ActiveCfg = Debug|Any CPU
		{0C532CF1-3DC9-4695-8D13-A362DF2DC1B2}.Debug|Any CPU.Build.0 = Debug|Any CPU
		{0C532CF1-3DC9-4695-8D13-A362DF2DC1B2}.Release|Any CPU.ActiveCfg = Release|Any CPU
		{0C532CF1-3DC9-4695-8D13-A362DF2DC1B2}.Release|Any CPU.Build.0 = Release|Any CPU
		{EFA7D534-79D4-416A-8E2C-E70622A53550}.Debug|Any CPU.ActiveCfg = Debug|Any CPU
		{EFA7D534-79D4-416A-8E2C-E70622A53550}.Debug|Any CPU.Build.0 = Debug|Any CPU
		{EFA7D534-79D4-416A-8E2C-E70622A53550}.Release|Any CPU.ActiveCfg = Release|Any CPU
		{EFA7D534-79D4-416A-8E2C-E70622A53550}.Release|Any CPU.Build.0 = Release|Any CPU
	EndGlobalSection
	GlobalSection(SolutionProperties) = preSolution
		HideSolutionNode = FALSE
	EndGlobalSection
	GlobalSection(ExtensibilityGlobals) = postSolution
		SolutionGuid = {CDB82A9D-09B9-40A5-ABBF-D38A67D61AAD}
	EndGlobalSection
EndGlobal
